
Microsoft Visual Studio Solution File, Format Version 12.00
# Visual Studio Version 16
VisualStudioVersion = 16.0.30804.86
MinimumVisualStudioVersion = 10.0.40219.1
Project("{9A19103F-16F7-4668-BE54-9A1E7A4F7556}") = "Business", "Business\Business.csproj", "{15D9023E-17D1-44BF-B770-BDF4F018F2BD}"
EndProject
Project("{9A19103F-16F7-4668-BE54-9A1E7A4F7556}") = "DataAccess", "DataAccess\DataAccess.csproj", "{0C8B600B-2B2E-4360-B67C-6730A447F723}"
EndProject
Project("{9A19103F-16F7-4668-BE54-9A1E7A4F7556}") = "Entities", "Entities\Entities.csproj", "{D775A41B-94F2-40DE-8573-29B18852C011}"
EndProject
Project("{9A19103F-16F7-4668-BE54-9A1E7A4F7556}") = "ConsoleUI", "ConsoleUI\ConsoleUI.csproj", "{CE2294D9-B16A-49E1-9DE3-0F3EBBD35B8C}"
EndProject
Project("{9A19103F-16F7-4668-BE54-9A1E7A4F7556}") = "Core", "Core\Core.csproj", "{CA9CE2C5-F49C-4D41-A59C-CB1F0FEAF480}"
EndProject
Project("{FAE04EC0-301F-11D3-BF4B-00C04F79EFBC}") = "WebAPI", "WebAPI\WebAPI.csproj", "{5143053A-B5A3-47BD-A72E-6DC38AC524FB}"
EndProject
Global
	GlobalSection(SolutionConfigurationPlatforms) = preSolution
		Debug|Any CPU = Debug|Any CPU
		Release|Any CPU = Release|Any CPU
	EndGlobalSection
	GlobalSection(ProjectConfigurationPlatforms) = postSolution
		{15D9023E-17D1-44BF-B770-BDF4F018F2BD}.Debug|Any CPU.ActiveCfg = Debug|Any CPU
		{15D9023E-17D1-44BF-B770-BDF4F018F2BD}.Debug|Any CPU.Build.0 = Debug|Any CPU
		{15D9023E-17D1-44BF-B770-BDF4F018F2BD}.Release|Any CPU.ActiveCfg = Release|Any CPU
		{15D9023E-17D1-44BF-B770-BDF4F018F2BD}.Release|Any CPU.Build.0 = Release|Any CPU
		{0C8B600B-2B2E-4360-B67C-6730A447F723}.Debug|Any CPU.ActiveCfg = Debug|Any CPU
		{0C8B600B-2B2E-4360-B67C-6730A447F723}.Debug|Any CPU.Build.0 = Debug|Any CPU
		{0C8B600B-2B2E-4360-B67C-6730A447F723}.Release|Any CPU.ActiveCfg = Release|Any CPU
		{0C8B600B-2B2E-4360-B67C-6730A447F723}.Release|Any CPU.Build.0 = Release|Any CPU
		{D775A41B-94F2-40DE-8573-29B18852C011}.Debug|Any CPU.ActiveCfg = Debug|Any CPU
		{D775A41B-94F2-40DE-8573-29B18852C011}.Debug|Any CPU.Build.0 = Debug|Any CPU
		{D775A41B-94F2-40DE-8573-29B18852C011}.Release|Any CPU.ActiveCfg = Release|Any CPU
		{D775A41B-94F2-40DE-8573-29B18852C011}.Release|Any CPU.Build.0 = Release|Any CPU
		{CE2294D9-B16A-49E1-9DE3-0F3EBBD35B8C}.Debug|Any CPU.ActiveCfg = Debug|Any CPU
		{CE2294D9-B16A-49E1-9DE3-0F3EBBD35B8C}.Debug|Any CPU.Build.0 = Debug|Any CPU
		{CE2294D9-B16A-49E1-9DE3-0F3EBBD35B8C}.Release|Any CPU.ActiveCfg = Release|Any CPU
		{CE2294D9-B16A-49E1-9DE3-0F3EBBD35B8C}.Release|Any CPU.Build.0 = Release|Any CPU
		{CA9CE2C5-F49C-4D41-A59C-CB1F0FEAF480}.Debug|Any CPU.ActiveCfg = Debug|Any CPU
		{CA9CE2C5-F49C-4D41-A59C-CB1F0FEAF480}.Debug|Any CPU.Build.0 = Debug|Any CPU
		{CA9CE2C5-F49C-4D41-A59C-CB1F0FEAF480}.Release|Any CPU.ActiveCfg = Release|Any CPU
		{CA9CE2C5-F49C-4D41-A59C-CB1F0FEAF480}.Release|Any CPU.Build.0 = Release|Any CPU
		{5143053A-B5A3-47BD-A72E-6DC38AC524FB}.Debug|Any CPU.ActiveCfg = Debug|Any CPU
		{5143053A-B5A3-47BD-A72E-6DC38AC524FB}.Debug|Any CPU.Build.0 = Debug|Any CPU
		{5143053A-B5A3-47BD-A72E-6DC38AC524FB}.Release|Any CPU.ActiveCfg = Release|Any CPU
		{5143053A-B5A3-47BD-A72E-6DC38AC524FB}.Release|Any CPU.Build.0 = Release|Any CPU
	EndGlobalSection
	GlobalSection(SolutionProperties) = preSolution
		HideSolutionNode = FALSE
	EndGlobalSection
	GlobalSection(ExtensibilityGlobals) = postSolution
		SolutionGuid = {41F3F810-1474-4F52-AF02-41C27E0E41D4}
	EndGlobalSection
EndGlobal
